
Microsoft Visual Studio Solution File, Format Version 12.00
# Visual Studio 14
VisualStudioVersion = 14.0.25420.1
MinimumVisualStudioVersion = 10.0.40219.1
Project("{FAE04EC0-301F-11D3-BF4B-00C04F79EFBC}") = "Erp", "Erp\Erp.csproj", "{BE70F890-8BD1-4171-87E7-D52483B6616F}"
EndProject
Project("{FAE04EC0-301F-11D3-BF4B-00C04F79EFBC}") = "Obje", "Obje\Obje.csproj", "{4A03315F-1814-462B-98A9-39F41A0B4DB1}"
EndProject
Project("{FAE04EC0-301F-11D3-BF4B-00C04F79EFBC}") = "Sys", "Sys\Sys.csproj", "{05B23CCF-A619-4ACB-8DF1-7F3C4D5F87C4}"
EndProject
Project("{FAE04EC0-301F-11D3-BF4B-00C04F79EFBC}") = "IK", "IK\IK.csproj", "{1CA0BCDD-90CC-4FCA-9837-CC8CE8603FC3}"
EndProject
Global
	GlobalSection(SolutionConfigurationPlatforms) = preSolution
		Debug|Any CPU = Debug|Any CPU
		Release|Any CPU = Release|Any CPU
	EndGlobalSection
	GlobalSection(ProjectConfigurationPlatforms) = postSolution
		{BE70F890-8BD1-4171-87E7-D52483B6616F}.Debug|Any CPU.ActiveCfg = Debug|Any CPU
		{BE70F890-8BD1-4171-87E7-D52483B6616F}.Debug|Any CPU.Build.0 = Debug|Any CPU
		{BE70F890-8BD1-4171-87E7-D52483B6616F}.Release|Any CPU.ActiveCfg = Release|Any CPU
		{BE70F890-8BD1-4171-87E7-D52483B6616F}.Release|Any CPU.Build.0 = Release|Any CPU
		{4A03315F-1814-462B-98A9-39F41A0B4DB1}.Debug|Any CPU.ActiveCfg = Debug|Any CPU
		{4A03315F-1814-462B-98A9-39F41A0B4DB1}.Debug|Any CPU.Build.0 = Debug|Any CPU
		{4A03315F-1814-462B-98A9-39F41A0B4DB1}.Release|Any CPU.ActiveCfg = Release|Any CPU
		{4A03315F-1814-462B-98A9-39F41A0B4DB1}.Release|Any CPU.Build.0 = Release|Any CPU
		{05B23CCF-A619-4ACB-8DF1-7F3C4D5F87C4}.Debug|Any CPU.ActiveCfg = Debug|Any CPU
		{05B23CCF-A619-4ACB-8DF1-7F3C4D5F87C4}.Debug|Any CPU.Build.0 = Debug|Any CPU
		{05B23CCF-A619-4ACB-8DF1-7F3C4D5F87C4}.Release|Any CPU.ActiveCfg = Release|Any CPU
		{05B23CCF-A619-4ACB-8DF1-7F3C4D5F87C4}.Release|Any CPU.Build.0 = Release|Any CPU
		{1CA0BCDD-90CC-4FCA-9837-CC8CE8603FC3}.Debug|Any CPU.ActiveCfg = Debug|Any CPU
		{1CA0BCDD-90CC-4FCA-9837-CC8CE8603FC3}.Debug|Any CPU.Build.0 = Debug|Any CPU
		{1CA0BCDD-90CC-4FCA-9837-CC8CE8603FC3}.Release|Any CPU.ActiveCfg = Release|Any CPU
		{1CA0BCDD-90CC-4FCA-9837-CC8CE8603FC3}.Release|Any CPU.Build.0 = Release|Any CPU
	EndGlobalSection
	GlobalSection(SolutionProperties) = preSolution
		HideSolutionNode = FALSE
	EndGlobalSection
EndGlobal
